// !$*UTF8*$!
{
	archiveVersion = 1;
	classes = {
	};
	objectVersion = 50;
	objects = {

/* Begin PBXBuildFile section */
		8621830922E7A73300959B0D /* BullsEye.html in Resources */ = {isa = PBXBuildFile; fileRef = 8621830822E7A73300959B0D /* BullsEye.html */; };
		8621830C22E7AA0900959B0D /* WebKit.framework in Frameworks */ = {isa = PBXBuildFile; fileRef = 8621830B22E7AA0900959B0D /* WebKit.framework */; };
		8622545F22DF87B900FFB121 /* AppDelegate.swift in Sources */ = {isa = PBXBuildFile; fileRef = 8622545E22DF87B900FFB121 /* AppDelegate.swift */; };
		8622546122DF87B900FFB121 /* ViewController.swift in Sources */ = {isa = PBXBuildFile; fileRef = 8622546022DF87B900FFB121 /* ViewController.swift */; };
		8622546422DF87B900FFB121 /* Main.storyboard in Resources */ = {isa = PBXBuildFile; fileRef = 8622546222DF87B900FFB121 /* Main.storyboard */; };
		8622546622DF87B900FFB121 /* Assets.xcassets in Resources */ = {isa = PBXBuildFile; fileRef = 8622546522DF87B900FFB121 /* Assets.xcassets */; };
		8622546922DF87B900FFB121 /* LaunchScreen.storyboard in Resources */ = {isa = PBXBuildFile; fileRef = 8622546722DF87B900FFB121 /* LaunchScreen.storyboard */; };
		8622547122DFB62F00FFB121 /* AboutViewController.swift in Sources */ = {isa = PBXBuildFile; fileRef = 8622547022DFB62F00FFB121 /* AboutViewController.swift */; };
		8622547322DFB7F200FFB121 /* AuthorViewController.swift in Sources */ = {isa = PBXBuildFile; fileRef = 8622547222DFB7F200FFB121 /* AuthorViewController.swift */; };
		8622547522DFB8B000FFB121 /* tobi.jpeg in Resources */ = {isa = PBXBuildFile; fileRef = 8622547422DFB8B000FFB121 /* tobi.jpeg */; };
/* End PBXBuildFile section */

/* Begin PBXFileReference section */
		8621830822E7A73300959B0D /* BullsEye.html */ = {isa = PBXFileReference; fileEncoding = 4; lastKnownFileType = text.html; path = BullsEye.html; sourceTree = "<group>"; };
		8621830B22E7AA0900959B0D /* WebKit.framework */ = {isa = PBXFileReference; lastKnownFileType = wrapper.framework; name = WebKit.framework; path = System/Library/Frameworks/WebKit.framework; sourceTree = SDKROOT; };
		8622545B22DF87B900FFB121 /* BullsEye.app */ = {isa = PBXFileReference; explicitFileType = wrapper.application; includeInIndex = 0; path = BullsEye.app; sourceTree = BUILT_PRODUCTS_DIR; };
		8622545E22DF87B900FFB121 /* AppDelegate.swift */ = {isa = PBXFileReference; lastKnownFileType = sourcecode.swift; path = AppDelegate.swift; sourceTree = "<group>"; };
		8622546022DF87B900FFB121 /* ViewController.swift */ = {isa = PBXFileReference; lastKnownFileType = sourcecode.swift; path = ViewController.swift; sourceTree = "<group>"; };
		8622546322DF87B900FFB121 /* Base */ = {isa = PBXFileReference; lastKnownFileType = file.storyboard; name = Base; path = Base.lproj/Main.storyboard; sourceTree = "<group>"; };
		8622546522DF87B900FFB121 /* Assets.xcassets */ = {isa = PBXFileReference; lastKnownFileType = folder.assetcatalog; path = Assets.xcassets; sourceTree = "<group>"; };
		8622546822DF87B900FFB121 /* Base */ = {isa = PBXFileReference; lastKnownFileType = file.storyboard; name = Base; path = Base.lproj/LaunchScreen.storyboard; sourceTree = "<group>"; };
		8622546A22DF87B900FFB121 /* Info.plist */ = {isa = PBXFileReference; lastKnownFileType = text.plist.xml; path = Info.plist; sourceTree = "<group>"; };
		8622547022DFB62F00FFB121 /* AboutViewController.swift */ = {isa = PBXFileReference; lastKnownFileType = sourcecode.swift; path = AboutViewController.swift; sourceTree = "<group>"; };
		8622547222DFB7F200FFB121 /* AuthorViewController.swift */ = {isa = PBXFileReference; lastKnownFileType = sourcecode.swift; path = AuthorViewController.swift; sourceTree = "<group>"; };
		8622547422DFB8B000FFB121 /* tobi.jpeg */ = {isa = PBXFileReference; lastKnownFileType = image.jpeg; path = tobi.jpeg; sourceTree = "<group>"; };
/* End PBXFileReference section */

/* Begin PBXFrameworksBuildPhase section */
		8622545822DF87B800FFB121 /* Frameworks */ = {
			isa = PBXFrameworksBuildPhase;
			buildActionMask = 2147483647;
			files = (
				8621830C22E7AA0900959B0D /* WebKit.framework in Frameworks */,
			);
			runOnlyForDeploymentPostprocessing = 0;
		};
/* End PBXFrameworksBuildPhase section */

/* Begin PBXGroup section */
		8621830A22E7AA0800959B0D /* Frameworks */ = {
			isa = PBXGroup;
			children = (
				8621830B22E7AA0900959B0D /* WebKit.framework */,
			);
			name = Frameworks;
			sourceTree = "<group>";
		};
		8622545222DF87B800FFB121 = {
			isa = PBXGroup;
			children = (
				8622545D22DF87B900FFB121 /* BullsEye */,
				8622545C22DF87B900FFB121 /* Products */,
				8621830A22E7AA0800959B0D /* Frameworks */,
			);
			sourceTree = "<group>";
		};
		8622545C22DF87B900FFB121 /* Products */ = {
			isa = PBXGroup;
			children = (
				8622545B22DF87B900FFB121 /* BullsEye.app */,
			);
			name = Products;
			sourceTree = "<group>";
		};
		8622545D22DF87B900FFB121 /* BullsEye */ = {
			isa = PBXGroup;
			children = (
				8622545E22DF87B900FFB121 /* AppDelegate.swift */,
				8622546022DF87B900FFB121 /* ViewController.swift */,
				8622547022DFB62F00FFB121 /* AboutViewController.swift */,
				8622547222DFB7F200FFB121 /* AuthorViewController.swift */,
				8622546222DF87B900FFB121 /* Main.storyboard */,
				8622546522DF87B900FFB121 /* Assets.xcassets */,
				8622547422DFB8B000FFB121 /* tobi.jpeg */,
				8622546722DF87B900FFB121 /* LaunchScreen.storyboard */,
				8622546A22DF87B900FFB121 /* Info.plist */,
				8621830822E7A73300959B0D /* BullsEye.html */,
			);
			path = BullsEye;
			sourceTree = "<group>";
		};
/* End PBXGroup section */

/* Begin PBXNativeTarget section */
		8622545A22DF87B800FFB121 /* BullsEye */ = {
			isa = PBXNativeTarget;
			buildConfigurationList = 8622546D22DF87B900FFB121 /* Build configuration list for PBXNativeTarget "BullsEye" */;
			buildPhases = (
				8622545722DF87B800FFB121 /* Sources */,
				8622545822DF87B800FFB121 /* Frameworks */,
				8622545922DF87B800FFB121 /* Resources */,
			);
			buildRules = (
			);
			dependencies = (
			);
			name = BullsEye;
			productName = BullsEye;
			productReference = 8622545B22DF87B900FFB121 /* BullsEye.app */;
			productType = "com.apple.product-type.application";
		};
/* End PBXNativeTarget section */

/* Begin PBXProject section */
		8622545322DF87B800FFB121 /* Project object */ = {
			isa = PBXProject;
			attributes = {
				LastSwiftUpdateCheck = 1020;
				LastUpgradeCheck = 1200;
				ORGANIZATIONNAME = "Tobias Hehrlein";
				TargetAttributes = {
					8622545A22DF87B800FFB121 = {
						CreatedOnToolsVersion = 10.2.1;
					};
				};
			};
			buildConfigurationList = 8622545622DF87B800FFB121 /* Build configuration list for PBXProject "BullsEye" */;
			compatibilityVersion = "Xcode 9.3";
			developmentRegion = en;
			hasScannedForEncodings = 0;
			knownRegions = (
				en,
				Base,
			);
			mainGroup = 8622545222DF87B800FFB121;
			productRefGroup = 8622545C22DF87B900FFB121 /* Products */;
			projectDirPath = "";
			projectRoot = "";
			targets = (
				8622545A22DF87B800FFB121 /* BullsEye */,
			);
		};
/* End PBXProject section */

/* Begin PBXResourcesBuildPhase section */
		8622545922DF87B800FFB121 /* Resources */ = {
			isa = PBXResourcesBuildPhase;
			buildActionMask = 2147483647;
			files = (
				8622546922DF87B900FFB121 /* LaunchScreen.storyboard in Resources */,
				8622546622DF87B900FFB121 /* Assets.xcassets in Resources */,
				8622546422DF87B900FFB121 /* Main.storyboard in Resources */,
				8622547522DFB8B000FFB121 /* tobi.jpeg in Resources */,
				8621830922E7A73300959B0D /* BullsEye.html in Resources */,
			);
			runOnlyForDeploymentPostprocessing = 0;
		};
/* End PBXResourcesBuildPhase section */

/* Begin PBXSourcesBuildPhase section */
		8622545722DF87B800FFB121 /* Sources */ = {
			isa = PBXSourcesBuildPhase;
			buildActionMask = 2147483647;
			files = (
				8622547122DFB62F00FFB121 /* AboutViewController.swift in Sources */,
				8622546122DF87B900FFB121 /* ViewController.swift in Sources */,
				8622545F22DF87B900FFB121 /* AppDelegate.swift in Sources */,
				8622547322DFB7F200FFB121 /* AuthorViewController.swift in Sources */,
			);
			runOnlyForDeploymentPostprocessing = 0;
		};
/* End PBXSourcesBuildPhase section */

/* Begin PBXVariantGroup section */
		8622546222DF87B900FFB121 /* Main.storyboard */ = {
			isa = PBXVariantGroup;
			children = (
				8622546322DF87B900FFB121 /* Base */,
			);
			name = Main.storyboard;
			sourceTree = "<group>";
		};
		8622546722DF87B900FFB121 /* LaunchScreen.storyboard */ = {
			isa = PBXVariantGroup;
			children = (
				8622546822DF87B900FFB121 /* Base */,
			);
			name = LaunchScreen.storyboard;
			sourceTree = "<group>";
		};
/* End PBXVariantGroup section */

/* Begin XCBuildConfiguration section */
		8622546B22DF87B900FFB121 /* Debug */ = {
			isa = XCBuildConfiguration;
			buildSettings = {
				ALWAYS_SEARCH_USER_PATHS = NO;
				CLANG_ANALYZER_NONNULL = YES;
				CLANG_ANALYZER_NUMBER_OBJECT_CONVERSION = YES_AGGRESSIVE;
				CLANG_CXX_LANGUAGE_STANDARD = "gnu++14";
				CLANG_CXX_LIBRARY = "libc++";
				CLANG_ENABLE_MODULES = YES;
				CLANG_ENABLE_OBJC_ARC = YES;
				CLANG_ENABLE_OBJC_WEAK = YES;
				CLANG_WARN_BLOCK_CAPTURE_AUTORELEASING = YES;
				CLANG_WARN_BOOL_CONVERSION = YES;
				CLANG_WARN_COMMA = YES;
				CLANG_WARN_CONSTANT_CONVERSION = YES;
				CLANG_WARN_DEPRECATED_OBJC_IMPLEMENTATIONS = YES;
				CLANG_WARN_DIRECT_OBJC_ISA_USAGE = YES_ERROR;
				CLANG_WARN_DOCUMENTATION_COMMENTS = YES;
				CLANG_WARN_EMPTY_BODY = YES;
				CLANG_WARN_ENUM_CONVERSION = YES;
				CLANG_WARN_INFINITE_RECURSION = YES;
				CLANG_WARN_INT_CONVERSION = YES;
				CLANG_WARN_NON_LITERAL_NULL_CONVERSION = YES;
				CLANG_WARN_OBJC_IMPLICIT_RETAIN_SELF = YES;
				CLANG_WARN_OBJC_LITERAL_CONVERSION = YES;
				CLANG_WARN_OBJC_ROOT_CLASS = YES_ERROR;
				CLANG_WARN_QUOTED_INCLUDE_IN_FRAMEWORK_HEADER = YES;
				CLANG_WARN_RANGE_LOOP_ANALYSIS = YES;
				CLANG_WARN_STRICT_PROTOTYPES = YES;
				CLANG_WARN_SUSPICIOUS_MOVE = YES;
				CLANG_WARN_UNGUARDED_AVAILABILITY = YES_AGGRESSIVE;
				CLANG_WARN_UNREACHABLE_CODE = YES;
				CLANG_WARN__DUPLICATE_METHOD_MATCH = YES;
				CODE_SIGN_IDENTITY = "iPhone Developer";
				COPY_PHASE_STRIP = NO;
				DEBUG_INFORMATION_FORMAT = dwarf;
				ENABLE_STRICT_OBJC_MSGSEND = YES;
				ENABLE_TESTABILITY = YES;
				GCC_C_LANGUAGE_STANDARD = gnu11;
				GCC_DYNAMIC_NO_PIC = NO;
				GCC_NO_COMMON_BLOCKS = YES;
				GCC_OPTIMIZATION_LEVEL = 0;
				GCC_PREPROCESSOR_DEFINITIONS = (
					"DEBUG=1",
					"$(inherited)",
				);
				GCC_WARN_64_TO_32_BIT_CONVERSION = YES;
				GCC_WARN_ABOUT_RETURN_TYPE = YES_ERROR;
				GCC_WARN_UNDECLARED_SELECTOR = YES;
				GCC_WARN_UNINITIALIZED_AUTOS = YES_AGGRESSIVE;
				GCC_WARN_UNUSED_FUNCTION = YES;
				GCC_WARN_UNUSED_VARIABLE = YES;
				IPHONEOS_DEPLOYMENT_TARGET = 12.2;
				MTL_ENABLE_DEBUG_INFO = INCLUDE_SOURCE;
				MTL_FAST_MATH = YES;
				ONLY_ACTIVE_ARCH = YES;
				SDKROOT = iphoneos;
				SWIFT_ACTIVE_COMPILATION_CONDITIONS = DEBUG;
				SWIFT_OPTIMIZATION_LEVEL = "-Onone";
			};
			name = Debug;
		};
		8622546C22DF87B900FFB121 /* Release */ = {
			isa = XCBuildConfiguration;
			buildSettings = {
				ALWAYS_SEARCH_USER_PATHS = NO;
				CLANG_ANALYZER_NONNULL = YES;
				CLANG_ANALYZER_NUMBER_OBJECT_CONVERSION = YES_AGGRESSIVE;
				CLANG_CXX_LANGUAGE_STANDARD = "gnu++14";
				CLANG_CXX_LIBRARY = "libc++";
				CLANG_ENABLE_MODULES = YES;
				CLANG_ENABLE_OBJC_ARC = YES;
				CLANG_ENABLE_OBJC_WEAK = YES;
				CLANG_WARN_BLOCK_CAPTURE_AUTORELEASING = YES;
				CLANG_WARN_BOOL_CONVERSION = YES;
				CLANG_WARN_COMMA = YES;
				CLANG_WARN_CONSTANT_CONVERSION = YES;
				CLANG_WARN_DEPRECATED_OBJC_IMPLEMENTATIONS = YES;
				CLANG_WARN_DIRECT_OBJC_ISA_USAGE = YES_ERROR;
				CLANG_WARN_DOCUMENTATION_COMMENTS = YES;
				CLANG_WARN_EMPTY_BODY = YES;
				CLANG_WARN_ENUM_CONVERSION = YES;
				CLANG_WARN_INFINITE_RECURSION = YES;
				CLANG_WARN_INT_CONVERSION = YES;
				CLANG_WARN_NON_LITERAL_NULL_CONVERSION = YES;
				CLANG_WARN_OBJC_IMPLICIT_RETAIN_SELF = YES;
				CLANG_WARN_OBJC_LITERAL_CONVERSION = YES;
				CLANG_WARN_OBJC_ROOT_CLASS = YES_ERROR;
				CLANG_WARN_QUOTED_INCLUDE_IN_FRAMEWORK_HEADER = YES;
				CLANG_WARN_RANGE_LOOP_ANALYSIS = YES;
				CLANG_WARN_STRICT_PROTOTYPES = YES;
				CLANG_WARN_SUSPICIOUS_MOVE = YES;
				CLANG_WARN_UNGUARDED_AVAILABILITY = YES_AGGRESSIVE;
				CLANG_WARN_UNREACHABLE_CODE = YES;
				CLANG_WARN__DUPLICATE_METHOD_MATCH = YES;
				CODE_SIGN_IDENTITY = "iPhone Developer";
				COPY_PHASE_STRIP = NO;
				DEBUG_INFORMATION_FORMAT = "dwarf-with-dsym";
				ENABLE_NS_ASSERTIONS = NO;
				ENABLE_STRICT_OBJC_MSGSEND = YES;
				GCC_C_LANGUAGE_STANDARD = gnu11;
				GCC_NO_COMMON_BLOCKS = YES;
				GCC_WARN_64_TO_32_BIT_CONVERSION = YES;
				GCC_WARN_ABOUT_RETURN_TYPE = YES_ERROR;
				GCC_WARN_UNDECLARED_SELECTOR = YES;
				GCC_WARN_UNINITIALIZED_AUTOS = YES_AGGRESSIVE;
				GCC_WARN_UNUSED_FUNCTION = YES;
				GCC_WARN_UNUSED_VARIABLE = YES;
				IPHONEOS_DEPLOYMENT_TARGET = 12.2;
				MTL_ENABLE_DEBUG_INFO = NO;
				MTL_FAST_MATH = YES;
				SDKROOT = iphoneos;
				SWIFT_COMPILATION_MODE = wholemodule;
				SWIFT_OPTIMIZATION_LEVEL = "-O";
				VALIDATE_PRODUCT = YES;
			};
			name = Release;
		};
		8622546E22DF87B900FFB121 /* Debug */ = {
			isa = XCBuildConfiguration;
			buildSettings = {
				ASSETCATALOG_COMPILER_APPICON_NAME = AppIcon;
				CODE_SIGN_STYLE = Automatic;
				DEVELOPMENT_TEAM = NZSHY5NZ58;
				INFOPLIST_FILE = BullsEye/Info.plist;
				LD_RUNPATH_SEARCH_PATHS = (
					"$(inherited)",
					"@executable_path/Frameworks",
				);
				PRODUCT_BUNDLE_IDENTIFIER = com.tobiapplications.BullsEye;
				PRODUCT_NAME = "$(TARGET_NAME)";
				SWIFT_VERSION = 5.0;
				TARGETED_DEVICE_FAMILY = "1,2";
			};
			name = Debug;
		};
		8622546F22DF87B900FFB121 /* Release */ = {
			isa = XCBuildConfiguration;
			buildSettings = {
				ASSETCATALOG_COMPILER_APPICON_NAME = AppIcon;
				CODE_SIGN_STYLE = Automatic;
				DEVELOPMENT_TEAM = NZSHY5NZ58;
				INFOPLIST_FILE = BullsEye/Info.plist;
				LD_RUNPATH_SEARCH_PATHS = (
					"$(inherited)",
					"@executable_path/Frameworks",
				);
				PRODUCT_BUNDLE_IDENTIFIER = com.tobiapplications.BullsEye;
				PRODUCT_NAME = "$(TARGET_NAME)";
				SWIFT_VERSION = 5.0;
				TARGETED_DEVICE_FAMILY = "1,2";
			};
			name = Release;
		};
/* End XCBuildConfiguration section */

/* Begin XCConfigurationList section */
		8622545622DF87B800FFB121 /* Build configuration list for PBXProject "BullsEye" */ = {
			isa = XCConfigurationList;
			buildConfigurations = (
				8622546B22DF87B900FFB121 /* Debug */,
				8622546C22DF87B900FFB121 /* Release */,
			);
			defaultConfigurationIsVisible = 0;
			defaultConfigurationName = Release;
		};
		8622546D22DF87B900FFB121 /* Build configuration list for PBXNativeTarget "BullsEye" */ = {
			isa = XCConfigurationList;
			buildConfigurations = (
				8622546E22DF87B900FFB121 /* Debug */,
				8622546F22DF87B900FFB121 /* Release */,
			);
			defaultConfigurationIsVisible = 0;
			defaultConfigurationName = Release;
		};
/* End XCConfigurationList section */
	};
	rootObject = 8622545322DF87B800FFB121 /* Project object */;
}
